// !$*UTF8*$!
{
	archiveVersion = 1;
	classes = {
	};
	objectVersion = 77;
	objects = {

/* Begin PBXContainerItemProxy section */
		1D4873892E781EE8006CF16F /* PBXContainerItemProxy */ = {
			isa = PBXContainerItemProxy;
			containerPortal = 1D4873732E781EE6006CF16F /* Project object */;
			proxyType = 1;
			remoteGlobalIDString = 1D48737A2E781EE6006CF16F;
			remoteInfo = PhotoScan;
		};
		1D4873932E781EE8006CF16F /* PBXContainerItemProxy */ = {
			isa = PBXContainerItemProxy;
			containerPortal = 1D4873732E781EE6006CF16F /* Project object */;
			proxyType = 1;
			remoteGlobalIDString = 1D48737A2E781EE6006CF16F;
			remoteInfo = PhotoScan;
		};
/* End PBXContainerItemProxy section */

/* Begin PBXFileReference section */
		1D48737B2E781EE6006CF16F /* PhotoScan.app */ = {isa = PBXFileReference; explicitFileType = wrapper.application; includeInIndex = 0; path = PhotoScan.app; sourceTree = BUILT_PRODUCTS_DIR; };
		1D4873882E781EE8006CF16F /* PhotoScanTests.xctest */ = {isa = PBXFileReference; explicitFileType = wrapper.cfbundle; includeInIndex = 0; path = PhotoScanTests.xctest; sourceTree = BUILT_PRODUCTS_DIR; };
		1D4873922E781EE8006CF16F /* PhotoScanUITests.xctest */ = {isa = PBXFileReference; explicitFileType = wrapper.cfbundle; includeInIndex = 0; path = PhotoScanUITests.xctest; sourceTree = BUILT_PRODUCTS_DIR; };
/* End PBXFileReference section */

/* Begin PBXFileSystemSynchronizedBuildFileExceptionSet section */
		1D4874172E78B26E006CF16F /* Exceptions for "PhotoScan" folder in "PhotoScan" target */ = {
			isa = PBXFileSystemSynchronizedBuildFileExceptionSet;
			membershipExceptions = (
				Info.plist,
			);
			target = 1D48737A2E781EE6006CF16F /* PhotoScan */;
		};
		1D6E589D2ECFC0E700050272 /* Exceptions for "PhotoScanTests" folder in "PhotoScanTests" target */ = {
			isa = PBXFileSystemSynchronizedBuildFileExceptionSet;
			membershipExceptions = (
				PhotoScanTest.swift,
			);
			target = 1D4873872E781EE8006CF16F /* PhotoScanTests */;
		};
		1D6E589F2ECFC11900050272 /* Exceptions for "PhotoScanTests" folder in "PhotoScan" target */ = {
			isa = PBXFileSystemSynchronizedBuildFileExceptionSet;
			membershipExceptions = (
				PhotoScanTest.swift,
			);
			target = 1D48737A2E781EE6006CF16F /* PhotoScan */;
		};
		1D89F2862ECCC115001A52BA /* Exceptions for "PhotoScan" folder in "PhotoScanTests" target */ = {
			isa = PBXFileSystemSynchronizedBuildFileExceptionSet;
			membershipExceptions = (
				App/CaseHelper.swift,
				App/Persistence.swift,
				Core/Model/PhotoStorage.xcdatamodeld,
				Core/PhotoLibraryViewModel.swift,
				GroupDetailScreen/ViewModel/GroupDetailViewModel.swift,
				HomeScreen/ViewModel/HomeViewModel.swift,
			);
			target = 1D4873872E781EE8006CF16F /* PhotoScanTests */;
		};
/* End PBXFileSystemSynchronizedBuildFileExceptionSet section */

/* Begin PBXFileSystemSynchronizedRootGroup section */
		1D48737D2E781EE6006CF16F /* PhotoScan */ = {
			isa = PBXFileSystemSynchronizedRootGroup;
			exceptions = (
				1D4874172E78B26E006CF16F /* Exceptions for "PhotoScan" folder in "PhotoScan" target */,
				1D89F2862ECCC115001A52BA /* Exceptions for "PhotoScan" folder in "PhotoScanTests" target */,
			);
			path = PhotoScan;
			sourceTree = "<group>";
		};
		1D4873952E781EE8006CF16F /* PhotoScanUITests */ = {
			isa = PBXFileSystemSynchronizedRootGroup;
			path = PhotoScanUITests;
			sourceTree = "<group>";
		};
		1D6E578F2ECF8CF200050272 /* PhotoScanTests */ = {
			isa = PBXFileSystemSynchronizedRootGroup;
			exceptions = (
				1D6E589F2ECFC11900050272 /* Exceptions for "PhotoScanTests" folder in "PhotoScan" target */,
				1D6E589D2ECFC0E700050272 /* Exceptions for "PhotoScanTests" folder in "PhotoScanTests" target */,
			);
			path = PhotoScanTests;
			sourceTree = "<group>";
		};
/* End PBXFileSystemSynchronizedRootGroup section */

/* Begin PBXFrameworksBuildPhase section */
		1D4873782E781EE6006CF16F /* Frameworks */ = {
			isa = PBXFrameworksBuildPhase;
			buildActionMask = 2147483647;
			files = (
			);
			runOnlyForDeploymentPostprocessing = 0;
		};
		1D4873852E781EE8006CF16F /* Frameworks */ = {
			isa = PBXFrameworksBuildPhase;
			buildActionMask = 2147483647;
			files = (
			);
			runOnlyForDeploymentPostprocessing = 0;
		};
		1D48738F2E781EE8006CF16F /* Frameworks */ = {
			isa = PBXFrameworksBuildPhase;
			buildActionMask = 2147483647;
			files = (
			);
			runOnlyForDeploymentPostprocessing = 0;
		};
/* End PBXFrameworksBuildPhase section */

/* Begin PBXGroup section */
		1D4873722E781EE6006CF16F = {
			isa = PBXGroup;
			children = (
				1D48737D2E781EE6006CF16F /* PhotoScan */,
				1D6E578F2ECF8CF200050272 /* PhotoScanTests */,
				1D4873952E781EE8006CF16F /* PhotoScanUITests */,
				1D48737C2E781EE6006CF16F /* Products */,
			);
			sourceTree = "<group>";
		};
		1D48737C2E781EE6006CF16F /* Products */ = {
			isa = PBXGroup;
			children = (
				1D48737B2E781EE6006CF16F /* PhotoScan.app */,
				1D4873882E781EE8006CF16F /* PhotoScanTests.xctest */,
				1D4873922E781EE8006CF16F /* PhotoScanUITests.xctest */,
			);
			name = Products;
			sourceTree = "<group>";
		};
/* End PBXGroup section */

/* Begin PBXNativeTarget section */
		1D48737A2E781EE6006CF16F /* PhotoScan */ = {
			isa = PBXNativeTarget;
			buildConfigurationList = 1D48739C2E781EE8006CF16F /* Build configuration list for PBXNativeTarget "PhotoScan" */;
			buildPhases = (
				1D4873772E781EE6006CF16F /* Sources */,
				1D4873782E781EE6006CF16F /* Frameworks */,
				1D4873792E781EE6006CF16F /* Resources */,
			);
			buildRules = (
			);
			dependencies = (
			);
			fileSystemSynchronizedGroups = (
				1D48737D2E781EE6006CF16F /* PhotoScan */,
				1D6E578F2ECF8CF200050272 /* PhotoScanTests */,
			);
			name = PhotoScan;
			packageProductDependencies = (
			);
			productName = PhotoScan;
			productReference = 1D48737B2E781EE6006CF16F /* PhotoScan.app */;
			productType = "com.apple.product-type.application";
		};
		1D4873872E781EE8006CF16F /* PhotoScanTests */ = {
			isa = PBXNativeTarget;
			buildConfigurationList = 1D48739F2E781EE8006CF16F /* Build configuration list for PBXNativeTarget "PhotoScanTests" */;
			buildPhases = (
				1D4873842E781EE8006CF16F /* Sources */,
				1D4873852E781EE8006CF16F /* Frameworks */,
				1D4873862E781EE8006CF16F /* Resources */,
			);
			buildRules = (
			);
			dependencies = (
				1D48738A2E781EE8006CF16F /* PBXTargetDependency */,
			);
			name = PhotoScanTests;
			packageProductDependencies = (
			);
			productName = PhotoScanTests;
			productReference = 1D4873882E781EE8006CF16F /* PhotoScanTests.xctest */;
			productType = "com.apple.product-type.bundle.unit-test";
		};
		1D4873912E781EE8006CF16F /* PhotoScanUITests */ = {
			isa = PBXNativeTarget;
			buildConfigurationList = 1D4873A22E781EE8006CF16F /* Build configuration list for PBXNativeTarget "PhotoScanUITests" */;
			buildPhases = (
				1D48738E2E781EE8006CF16F /* Sources */,
				1D48738F2E781EE8006CF16F /* Frameworks */,
				1D4873902E781EE8006CF16F /* Resources */,
			);
			buildRules = (
			);
			dependencies = (
				1D4873942E781EE8006CF16F /* PBXTargetDependency */,
			);
			fileSystemSynchronizedGroups = (
				1D4873952E781EE8006CF16F /* PhotoScanUITests */,
			);
			name = PhotoScanUITests;
			packageProductDependencies = (
			);
			productName = PhotoScanUITests;
			productReference = 1D4873922E781EE8006CF16F /* PhotoScanUITests.xctest */;
			productType = "com.apple.product-type.bundle.ui-testing";
		};
/* End PBXNativeTarget section */

/* Begin PBXProject section */
		1D4873732E781EE6006CF16F /* Project object */ = {
			isa = PBXProject;
			attributes = {
				BuildIndependentTargetsInParallel = 1;
				LastSwiftUpdateCheck = 1640;
				LastUpgradeCheck = 1640;
				TargetAttributes = {
					1D48737A2E781EE6006CF16F = {
						CreatedOnToolsVersion = 16.4;
					};
					1D4873872E781EE8006CF16F = {
						CreatedOnToolsVersion = 16.4;
						TestTargetID = 1D48737A2E781EE6006CF16F;
					};
					1D4873912E781EE8006CF16F = {
						CreatedOnToolsVersion = 16.4;
						TestTargetID = 1D48737A2E781EE6006CF16F;
					};
				};
			};
			buildConfigurationList = 1D4873762E781EE6006CF16F /* Build configuration list for PBXProject "PhotoScan" */;
			developmentRegion = en;
			hasScannedForEncodings = 0;
			knownRegions = (
				en,
				Base,
			);
			mainGroup = 1D4873722E781EE6006CF16F;
			minimizedProjectReferenceProxies = 1;
			preferredProjectObjectVersion = 77;
			productRefGroup = 1D48737C2E781EE6006CF16F /* Products */;
			projectDirPath = "";
			projectRoot = "";
			targets = (
				1D48737A2E781EE6006CF16F /* PhotoScan */,
				1D4873872E781EE8006CF16F /* PhotoScanTests */,
				1D4873912E781EE8006CF16F /* PhotoScanUITests */,
			);
		};
/* End PBXProject section */

/* Begin PBXResourcesBuildPhase section */
		1D4873792E781EE6006CF16F /* Resources */ = {
			isa = PBXResourcesBuildPhase;
			buildActionMask = 2147483647;
			files = (
			);
			runOnlyForDeploymentPostprocessing = 0;
		};
		1D4873862E781EE8006CF16F /* Resources */ = {
			isa = PBXResourcesBuildPhase;
			buildActionMask = 2147483647;
			files = (
			);
			runOnlyForDeploymentPostprocessing = 0;
		};
		1D4873902E781EE8006CF16F /* Resources */ = {
			isa = PBXResourcesBuildPhase;
			buildActionMask = 2147483647;
			files = (
			);
			runOnlyForDeploymentPostprocessing = 0;
		};
/* End PBXResourcesBuildPhase section */

/* Begin PBXSourcesBuildPhase section */
		1D4873772E781EE6006CF16F /* Sources */ = {
			isa = PBXSourcesBuildPhase;
			buildActionMask = 2147483647;
			files = (
			);
			runOnlyForDeploymentPostprocessing = 0;
		};
		1D4873842E781EE8006CF16F /* Sources */ = {
			isa = PBXSourcesBuildPhase;
			buildActionMask = 2147483647;
			files = (
			);
			runOnlyForDeploymentPostprocessing = 0;
		};
		1D48738E2E781EE8006CF16F /* Sources */ = {
			isa = PBXSourcesBuildPhase;
			buildActionMask = 2147483647;
			files = (
			);
			runOnlyForDeploymentPostprocessing = 0;
		};
/* End PBXSourcesBuildPhase section */

/* Begin PBXTargetDependency section */
		1D48738A2E781EE8006CF16F /* PBXTargetDependency */ = {
			isa = PBXTargetDependency;
			target = 1D48737A2E781EE6006CF16F /* PhotoScan */;
			targetProxy = 1D4873892E781EE8006CF16F /* PBXContainerItemProxy */;
		};
		1D4873942E781EE8006CF16F /* PBXTargetDependency */ = {
			isa = PBXTargetDependency;
			target = 1D48737A2E781EE6006CF16F /* PhotoScan */;
			targetProxy = 1D4873932E781EE8006CF16F /* PBXContainerItemProxy */;
		};
/* End PBXTargetDependency section */

/* Begin XCBuildConfiguration section */
		1D48739A2E781EE8006CF16F /* Debug */ = {
			isa = XCBuildConfiguration;
			buildSettings = {
				ALWAYS_SEARCH_USER_PATHS = NO;
				ASSETCATALOG_COMPILER_GENERATE_SWIFT_ASSET_SYMBOL_EXTENSIONS = YES;
				CLANG_ANALYZER_NONNULL = YES;
				CLANG_ANALYZER_NUMBER_OBJECT_CONVERSION = YES_AGGRESSIVE;
				CLANG_CXX_LANGUAGE_STANDARD = "gnu++20";
				CLANG_ENABLE_MODULES = YES;
				CLANG_ENABLE_OBJC_ARC = YES;
				CLANG_ENABLE_OBJC_WEAK = YES;
				CLANG_WARN_BLOCK_CAPTURE_AUTORELEASING = YES;
				CLANG_WARN_BOOL_CONVERSION = YES;
				CLANG_WARN_COMMA = YES;
				CLANG_WARN_CONSTANT_CONVERSION = YES;
				CLANG_WARN_DEPRECATED_OBJC_IMPLEMENTATIONS = YES;
				CLANG_WARN_DIRECT_OBJC_ISA_USAGE = YES_ERROR;
				CLANG_WARN_DOCUMENTATION_COMMENTS = YES;
				CLANG_WARN_EMPTY_BODY = YES;
				CLANG_WARN_ENUM_CONVERSION = YES;
				CLANG_WARN_INFINITE_RECURSION = YES;
				CLANG_WARN_INT_CONVERSION = YES;
				CLANG_WARN_NON_LITERAL_NULL_CONVERSION = YES;
				CLANG_WARN_OBJC_IMPLICIT_RETAIN_SELF = YES;
				CLANG_WARN_OBJC_LITERAL_CONVERSION = YES;
				CLANG_WARN_OBJC_ROOT_CLASS = YES_ERROR;
				CLANG_WARN_QUOTED_INCLUDE_IN_FRAMEWORK_HEADER = YES;
				CLANG_WARN_RANGE_LOOP_ANALYSIS = YES;
				CLANG_WARN_STRICT_PROTOTYPES = YES;
				CLANG_WARN_SUSPICIOUS_MOVE = YES;
				CLANG_WARN_UNGUARDED_AVAILABILITY = YES_AGGRESSIVE;
				CLANG_WARN_UNREACHABLE_CODE = YES;
				CLANG_WARN__DUPLICATE_METHOD_MATCH = YES;
				COPY_PHASE_STRIP = NO;
				DEBUG_INFORMATION_FORMAT = dwarf;
				DEVELOPMENT_TEAM = CHT686FZ4J;
				ENABLE_STRICT_OBJC_MSGSEND = YES;
				ENABLE_TESTABILITY = YES;
				ENABLE_USER_SCRIPT_SANDBOXING = YES;
				GCC_C_LANGUAGE_STANDARD = gnu17;
				GCC_DYNAMIC_NO_PIC = NO;
				GCC_NO_COMMON_BLOCKS = YES;
				GCC_OPTIMIZATION_LEVEL = 0;
				GCC_PREPROCESSOR_DEFINITIONS = (
					"DEBUG=1",
					"$(inherited)",
				);
				GCC_WARN_64_TO_32_BIT_CONVERSION = YES;
				GCC_WARN_ABOUT_RETURN_TYPE = YES_ERROR;
				GCC_WARN_UNDECLARED_SELECTOR = YES;
				GCC_WARN_UNINITIALIZED_AUTOS = YES_AGGRESSIVE;
				GCC_WARN_UNUSED_FUNCTION = YES;
				GCC_WARN_UNUSED_VARIABLE = YES;
				IPHONEOS_DEPLOYMENT_TARGET = 18.5;
				LOCALIZATION_PREFERS_STRING_CATALOGS = YES;
				MTL_ENABLE_DEBUG_INFO = INCLUDE_SOURCE;
				MTL_FAST_MATH = YES;
				ONLY_ACTIVE_ARCH = YES;
				SDKROOT = iphoneos;
				SWIFT_ACTIVE_COMPILATION_CONDITIONS = "DEBUG $(inherited)";
				SWIFT_OPTIMIZATION_LEVEL = "-Onone";
			};
			name = Debug;
		};
		1D48739B2E781EE8006CF16F /* Release */ = {
			isa = XCBuildConfiguration;
			buildSettings = {
				ALWAYS_SEARCH_USER_PATHS = NO;
				ASSETCATALOG_COMPILER_GENERATE_SWIFT_ASSET_SYMBOL_EXTENSIONS = YES;
				CLANG_ANALYZER_NONNULL = YES;
				CLANG_ANALYZER_NUMBER_OBJECT_CONVERSION = YES_AGGRESSIVE;
				CLANG_CXX_LANGUAGE_STANDARD = "gnu++20";
				CLANG_ENABLE_MODULES = YES;
				CLANG_ENABLE_OBJC_ARC = YES;
				CLANG_ENABLE_OBJC_WEAK = YES;
				CLANG_WARN_BLOCK_CAPTURE_AUTORELEASING = YES;
				CLANG_WARN_BOOL_CONVERSION = YES;
				CLANG_WARN_COMMA = YES;
				CLANG_WARN_CONSTANT_CONVERSION = YES;
				CLANG_WARN_DEPRECATED_OBJC_IMPLEMENTATIONS = YES;
				CLANG_WARN_DIRECT_OBJC_ISA_USAGE = YES_ERROR;
				CLANG_WARN_DOCUMENTATION_COMMENTS = YES;
				CLANG_WARN_EMPTY_BODY = YES;
				CLANG_WARN_ENUM_CONVERSION = YES;
				CLANG_WARN_INFINITE_RECURSION = YES;
				CLANG_WARN_INT_CONVERSION = YES;
				CLANG_WARN_NON_LITERAL_NULL_CONVERSION = YES;
				CLANG_WARN_OBJC_IMPLICIT_RETAIN_SELF = YES;
				CLANG_WARN_OBJC_LITERAL_CONVERSION = YES;
				CLANG_WARN_OBJC_ROOT_CLASS = YES_ERROR;
				CLANG_WARN_QUOTED_INCLUDE_IN_FRAMEWORK_HEADER = YES;
				CLANG_WARN_RANGE_LOOP_ANALYSIS = YES;
				CLANG_WARN_STRICT_PROTOTYPES = YES;
				CLANG_WARN_SUSPICIOUS_MOVE = YES;
				CLANG_WARN_UNGUARDED_AVAILABILITY = YES_AGGRESSIVE;
				CLANG_WARN_UNREACHABLE_CODE = YES;
				CLANG_WARN__DUPLICATE_METHOD_MATCH = YES;
				COPY_PHASE_STRIP = NO;
				DEBUG_INFORMATION_FORMAT = "dwarf-with-dsym";
				DEVELOPMENT_TEAM = CHT686FZ4J;
				ENABLE_NS_ASSERTIONS = NO;
				ENABLE_STRICT_OBJC_MSGSEND = YES;
				ENABLE_USER_SCRIPT_SANDBOXING = YES;
				GCC_C_LANGUAGE_STANDARD = gnu17;
				GCC_NO_COMMON_BLOCKS = YES;
				GCC_WARN_64_TO_32_BIT_CONVERSION = YES;
				GCC_WARN_ABOUT_RETURN_TYPE = YES_ERROR;
				GCC_WARN_UNDECLARED_SELECTOR = YES;
				GCC_WARN_UNINITIALIZED_AUTOS = YES_AGGRESSIVE;
				GCC_WARN_UNUSED_FUNCTION = YES;
				GCC_WARN_UNUSED_VARIABLE = YES;
				IPHONEOS_DEPLOYMENT_TARGET = 18.5;
				LOCALIZATION_PREFERS_STRING_CATALOGS = YES;
				MTL_ENABLE_DEBUG_INFO = NO;
				MTL_FAST_MATH = YES;
				SDKROOT = iphoneos;
				SWIFT_COMPILATION_MODE = wholemodule;
				VALIDATE_PRODUCT = YES;
			};
			name = Release;
		};
		1D48739D2E781EE8006CF16F /* Debug */ = {
			isa = XCBuildConfiguration;
			buildSettings = {
				ASSETCATALOG_COMPILER_APPICON_NAME = AppIcon;
				ASSETCATALOG_COMPILER_GLOBAL_ACCENT_COLOR_NAME = AccentColor;
				CODE_SIGN_STYLE = Automatic;
				CURRENT_PROJECT_VERSION = 1;
				DEVELOPMENT_TEAM = CHT686FZ4J;
				ENABLE_PREVIEWS = YES;
				GENERATE_INFOPLIST_FILE = YES;
				INFOPLIST_FILE = PhotoScan/Info.plist;
				INFOPLIST_KEY_CFBundleDisplayName = photository;
				INFOPLIST_KEY_LSApplicationCategoryType = "";
				INFOPLIST_KEY_UIApplicationSceneManifest_Generation = YES;
				INFOPLIST_KEY_UIApplicationSupportsIndirectInputEvents = YES;
				INFOPLIST_KEY_UILaunchScreen_Generation = YES;
				INFOPLIST_KEY_UISupportedInterfaceOrientations_iPad = "UIInterfaceOrientationPortrait UIInterfaceOrientationPortraitUpsideDown UIInterfaceOrientationLandscapeLeft UIInterfaceOrientationLandscapeRight";
				INFOPLIST_KEY_UISupportedInterfaceOrientations_iPhone = "UIInterfaceOrientationPortrait UIInterfaceOrientationLandscapeLeft UIInterfaceOrientationLandscapeRight";
				IPHONEOS_DEPLOYMENT_TARGET = 15.0;
				LD_RUNPATH_SEARCH_PATHS = (
					"$(inherited)",
					"@executable_path/Frameworks",
				);
				MARKETING_VERSION = 1.0;
				PRODUCT_BUNDLE_IDENTIFIER = bensuozyurt.PhotoScan;
				PRODUCT_NAME = "$(TARGET_NAME)";
				SWIFT_EMIT_LOC_STRINGS = YES;
				SWIFT_VERSION = 5.0;
				TARGETED_DEVICE_FAMILY = "1,2";
			};
			name = Debug;
		};
		1D48739E2E781EE8006CF16F /* Release */ = {
			isa = XCBuildConfiguration;
			buildSettings = {
				ASSETCATALOG_COMPILER_APPICON_NAME = AppIcon;
				ASSETCATALOG_COMPILER_GLOBAL_ACCENT_COLOR_NAME = AccentColor;
				CODE_SIGN_STYLE = Automatic;
				CURRENT_PROJECT_VERSION = 1;
				DEVELOPMENT_TEAM = CHT686FZ4J;
				ENABLE_PREVIEWS = YES;
				GENERATE_INFOPLIST_FILE = YES;
				INFOPLIST_FILE = PhotoScan/Info.plist;
				INFOPLIST_KEY_CFBundleDisplayName = photository;
				INFOPLIST_KEY_LSApplicationCategoryType = "";
				INFOPLIST_KEY_UIApplicationSceneManifest_Generation = YES;
				INFOPLIST_KEY_UIApplicationSupportsIndirectInputEvents = YES;
				INFOPLIST_KEY_UILaunchScreen_Generation = YES;
				INFOPLIST_KEY_UISupportedInterfaceOrientations_iPad = "UIInterfaceOrientationPortrait UIInterfaceOrientationPortraitUpsideDown UIInterfaceOrientationLandscapeLeft UIInterfaceOrientationLandscapeRight";
				INFOPLIST_KEY_UISupportedInterfaceOrientations_iPhone = "UIInterfaceOrientationPortrait UIInterfaceOrientationLandscapeLeft UIInterfaceOrientationLandscapeRight";
				IPHONEOS_DEPLOYMENT_TARGET = 15.0;
				LD_RUNPATH_SEARCH_PATHS = (
					"$(inherited)",
					"@executable_path/Frameworks",
				);
				MARKETING_VERSION = 1.0;
				PRODUCT_BUNDLE_IDENTIFIER = bensuozyurt.PhotoScan;
				PRODUCT_NAME = "$(TARGET_NAME)";
				SWIFT_EMIT_LOC_STRINGS = YES;
				SWIFT_VERSION = 5.0;
				TARGETED_DEVICE_FAMILY = "1,2";
			};
			name = Release;
		};
		1D4873A02E781EE8006CF16F /* Debug */ = {
			isa = XCBuildConfiguration;
			buildSettings = {
				BUNDLE_LOADER = "$(TEST_HOST)";
				CODE_SIGN_STYLE = Automatic;
				CURRENT_PROJECT_VERSION = 1;
				DEVELOPMENT_TEAM = CHT686FZ4J;
				GENERATE_INFOPLIST_FILE = YES;
				IPHONEOS_DEPLOYMENT_TARGET = 18.5;
				MARKETING_VERSION = 1.0;
				PRODUCT_BUNDLE_IDENTIFIER = bensuozyurt.PhotoScanTests;
				PRODUCT_NAME = "$(TARGET_NAME)";
				SWIFT_EMIT_LOC_STRINGS = NO;
				SWIFT_VERSION = 5.0;
				TARGETED_DEVICE_FAMILY = "1,2";
				TEST_HOST = "$(BUILT_PRODUCTS_DIR)/PhotoScan.app/$(BUNDLE_EXECUTABLE_FOLDER_PATH)/PhotoScan";
			};
			name = Debug;
		};
		1D4873A12E781EE8006CF16F /* Release */ = {
			isa = XCBuildConfiguration;
			buildSettings = {
				BUNDLE_LOADER = "$(TEST_HOST)";
				CODE_SIGN_STYLE = Automatic;
				CURRENT_PROJECT_VERSION = 1;
				DEVELOPMENT_TEAM = CHT686FZ4J;
				GENERATE_INFOPLIST_FILE = YES;
				IPHONEOS_DEPLOYMENT_TARGET = 18.5;
				MARKETING_VERSION = 1.0;
				PRODUCT_BUNDLE_IDENTIFIER = bensuozyurt.PhotoScanTests;
				PRODUCT_NAME = "$(TARGET_NAME)";
				SWIFT_EMIT_LOC_STRINGS = NO;
				SWIFT_VERSION = 5.0;
				TARGETED_DEVICE_FAMILY = "1,2";
				TEST_HOST = "$(BUILT_PRODUCTS_DIR)/PhotoScan.app/$(BUNDLE_EXECUTABLE_FOLDER_PATH)/PhotoScan";
			};
			name = Release;
		};
		1D4873A32E781EE8006CF16F /* Debug */ = {
			isa = XCBuildConfiguration;
			buildSettings = {
				CODE_SIGN_STYLE = Automatic;
				CURRENT_PROJECT_VERSION = 1;
				DEVELOPMENT_TEAM = CHT686FZ4J;
				GENERATE_INFOPLIST_FILE = YES;
				MARKETING_VERSION = 1.0;
				PRODUCT_BUNDLE_IDENTIFIER = bensuozyurt.PhotoScanUITests;
				PRODUCT_NAME = "$(TARGET_NAME)";
				SWIFT_EMIT_LOC_STRINGS = NO;
				SWIFT_VERSION = 5.0;
				TARGETED_DEVICE_FAMILY = "1,2";
				TEST_TARGET_NAME = PhotoScan;
			};
			name = Debug;
		};
		1D4873A42E781EE8006CF16F /* Release */ = {
			isa = XCBuildConfiguration;
			buildSettings = {
				CODE_SIGN_STYLE = Automatic;
				CURRENT_PROJECT_VERSION = 1;
				DEVELOPMENT_TEAM = CHT686FZ4J;
				GENERATE_INFOPLIST_FILE = YES;
				MARKETING_VERSION = 1.0;
				PRODUCT_BUNDLE_IDENTIFIER = bensuozyurt.PhotoScanUITests;
				PRODUCT_NAME = "$(TARGET_NAME)";
				SWIFT_EMIT_LOC_STRINGS = NO;
				SWIFT_VERSION = 5.0;
				TARGETED_DEVICE_FAMILY = "1,2";
				TEST_TARGET_NAME = PhotoScan;
			};
			name = Release;
		};
/* End XCBuildConfiguration section */

/* Begin XCConfigurationList section */
		1D4873762E781EE6006CF16F /* Build configuration list for PBXProject "PhotoScan" */ = {
			isa = XCConfigurationList;
			buildConfigurations = (
				1D48739A2E781EE8006CF16F /* Debug */,
				1D48739B2E781EE8006CF16F /* Release */,
			);
			defaultConfigurationIsVisible = 0;
			defaultConfigurationName = Release;
		};
		1D48739C2E781EE8006CF16F /* Build configuration list for PBXNativeTarget "PhotoScan" */ = {
			isa = XCConfigurationList;
			buildConfigurations = (
				1D48739D2E781EE8006CF16F /* Debug */,
				1D48739E2E781EE8006CF16F /* Release */,
			);
			defaultConfigurationIsVisible = 0;
			defaultConfigurationName = Release;
		};
		1D48739F2E781EE8006CF16F /* Build configuration list for PBXNativeTarget "PhotoScanTests" */ = {
			isa = XCConfigurationList;
			buildConfigurations = (
				1D4873A02E781EE8006CF16F /* Debug */,
				1D4873A12E781EE8006CF16F /* Release */,
			);
			defaultConfigurationIsVisible = 0;
			defaultConfigurationName = Release;
		};
		1D4873A22E781EE8006CF16F /* Build configuration list for PBXNativeTarget "PhotoScanUITests" */ = {
			isa = XCConfigurationList;
			buildConfigurations = (
				1D4873A32E781EE8006CF16F /* Debug */,
				1D4873A42E781EE8006CF16F /* Release */,
			);
			defaultConfigurationIsVisible = 0;
			defaultConfigurationName = Release;
		};
/* End XCConfigurationList section */
	};
	rootObject = 1D4873732E781EE6006CF16F /* Project object */;
}
